
Microsoft Visual Studio Solution File, Format Version 12.00
# Visual Studio 15
VisualStudioVersion = 15.0.28307.168
MinimumVisualStudioVersion = 10.0.40219.1
Project("{FAE04EC0-301F-11D3-BF4B-00C04F79EFBC}") = "Projeto_Teste", "Projeto_Teste\Projeto_Teste.csproj", "{8646BC7D-DF7B-4C72-B5FD-24EA3F45066B}"
EndProject
Global
	GlobalSection(SolutionConfigurationPlatforms) = preSolution
		Debug|Any CPU = Debug|Any CPU
		Release|Any CPU = Release|Any CPU
	EndGlobalSection
	GlobalSection(ProjectConfigurationPlatforms) = postSolution
		{8646BC7D-DF7B-4C72-B5FD-24EA3F45066B}.Debug|Any CPU.ActiveCfg = Debug|Any CPU
		{8646BC7D-DF7B-4C72-B5FD-24EA3F45066B}.Debug|Any CPU.Build.0 = Debug|Any CPU
		{8646BC7D-DF7B-4C72-B5FD-24EA3F45066B}.Release|Any CPU.ActiveCfg = Release|Any CPU
		{8646BC7D-DF7B-4C72-B5FD-24EA3F45066B}.Release|Any CPU.Build.0 = Release|Any CPU
	EndGlobalSection
	GlobalSection(SolutionProperties) = preSolution
		HideSolutionNode = FALSE
	EndGlobalSection
	GlobalSection(ExtensibilityGlobals) = postSolution
		SolutionGuid = {803DF6B6-AE7A-41DA-AC36-80A85BD552EF}
	EndGlobalSection
EndGlobal
